
Microsoft Visual Studio Solution File, Format Version 12.00
# Visual Studio 14
VisualStudioVersion = 14.0.25420.1
MinimumVisualStudioVersion = 10.0.40219.1
Project("{FAE04EC0-301F-11D3-BF4B-00C04F79EFBC}") = "VideoStore.Core", "VideoStore.Core\VideoStore.Core.csproj", "{7085D46F-AA82-49BC-8B7E-6B35A444B24E}"
EndProject
Project("{FAE04EC0-301F-11D3-BF4B-00C04F79EFBC}") = "VideoStore.Tests", "VideoStore.Tests\VideoStore.Tests.csproj", "{55FE6B4F-EFF0-48EF-AE80-F2643AF038A2}"
EndProject
Global
	GlobalSection(SolutionConfigurationPlatforms) = preSolution
		Debug|Any CPU = Debug|Any CPU
		Release|Any CPU = Release|Any CPU
	EndGlobalSection
	GlobalSection(ProjectConfigurationPlatforms) = postSolution
		{7085D46F-AA82-49BC-8B7E-6B35A444B24E}.Debug|Any CPU.ActiveCfg = Debug|Any CPU
		{7085D46F-AA82-49BC-8B7E-6B35A444B24E}.Debug|Any CPU.Build.0 = Debug|Any CPU
		{7085D46F-AA82-49BC-8B7E-6B35A444B24E}.Release|Any CPU.ActiveCfg = Release|Any CPU
		{7085D46F-AA82-49BC-8B7E-6B35A444B24E}.Release|Any CPU.Build.0 = Release|Any CPU
		{55FE6B4F-EFF0-48EF-AE80-F2643AF038A2}.Debug|Any CPU.ActiveCfg = Debug|Any CPU
		{55FE6B4F-EFF0-48EF-AE80-F2643AF038A2}.Debug|Any CPU.Build.0 = Debug|Any CPU
		{55FE6B4F-EFF0-48EF-AE80-F2643AF038A2}.Release|Any CPU.ActiveCfg = Release|Any CPU
		{55FE6B4F-EFF0-48EF-AE80-F2643AF038A2}.Release|Any CPU.Build.0 = Release|Any CPU
	EndGlobalSection
	GlobalSection(SolutionProperties) = preSolution
		HideSolutionNode = FALSE
	EndGlobalSection
EndGlobal
